
Microsoft Visual Studio Solution File, Format Version 12.00
Project("{FAE04EC0-301F-11D3-BF4B-00C04F79EFBC}") = "Language.Api", "Language.Api\Language.Api.csproj", "{A48FE190-395A-4C59-B41D-0762407AFC98}"
EndProject
Project("{FAE04EC0-301F-11D3-BF4B-00C04F79EFBC}") = "Language.Processing", "Language.Processing\Language.Processing.csproj", "{A630F20B-4A49-4F61-AC89-163AAE75CC90}"
EndProject
Project("{FAE04EC0-301F-11D3-BF4B-00C04F79EFBC}") = "Bundle.Uml", "Bundle.Uml\Bundle.Uml.csproj", "{8CB4B4A2-3304-454F-BA0F-F58F0C132865}"
EndProject
Project("{FAE04EC0-301F-11D3-BF4B-00C04F79EFBC}") = "Language.Common", "Language.Common\Language.Common.csproj", "{59D62AD5-C4DD-473B-BDCE-5C90720F492B}"
EndProject
Project("{FAE04EC0-301F-11D3-BF4B-00C04F79EFBC}") = "Language.Tests", "Language.Tests\Language.Tests.csproj", "{B0EDD73E-D22A-418F-B517-4A558389C903}"
EndProject
Project("{2150E333-8FDC-42A3-9474-1A3956D46DE8}") = "Tests", "Tests", "{60CB87D7-E05A-4FF6-B428-1D67850D5B57}"
EndProject
Project("{2150E333-8FDC-42A3-9474-1A3956D46DE8}") = "Language", "Language", "{8A886408-BE14-45E4-88E0-B37DF5747B33}"
EndProject
Project("{2150E333-8FDC-42A3-9474-1A3956D46DE8}") = "Bundles", "Bundles", "{87CFD5E6-61B8-4551-B384-3B1491F7385F}"
EndProject
Project("{FAE04EC0-301F-11D3-BF4B-00C04F79EFBC}") = "Engine.PlantUml", "Engine.PlantUml\Engine.PlantUml.csproj", "{74FAC2E4-75C3-4D03-831D-78C15B8EA5A4}"
EndProject
Project("{FAE04EC0-301F-11D3-BF4B-00C04F79EFBC}") = "Engine.Tests", "Engine.Tests\Engine.Tests.csproj", "{AC139647-D160-4E14-A214-D0B86276AE00}"
EndProject
Project("{2150E333-8FDC-42A3-9474-1A3956D46DE8}") = "Engine", "Engine", "{E0A611F2-105B-40CF-9FB3-8D36449451D1}"
EndProject
Project("{FAE04EC0-301F-11D3-BF4B-00C04F79EFBC}") = "Engine.Api", "Engine.Api\Engine.Api.csproj", "{9F6AD2BD-C415-463E-932B-F653A26313C8}"
EndProject
Project("{2150E333-8FDC-42A3-9474-1A3956D46DE8}") = "Visualize", "Visualize", "{A5F6377E-29C7-424C-BE2F-0B8AEA2CE6FE}"
EndProject
Project("{FAE04EC0-301F-11D3-BF4B-00C04F79EFBC}") = "SvgVisualizer", "SvgVisualizer\SvgVisualizer.csproj", "{3191920E-B8A8-4D32-9757-76C84326284B}"
EndProject
Project("{FAE04EC0-301F-11D3-BF4B-00C04F79EFBC}") = "Visualize.Tests", "Visualize.Tests\Visualize.Tests.csproj", "{07B626C8-18B9-453E-A17F-69E8708AF5B0}"
EndProject
Project("{FAE04EC0-301F-11D3-BF4B-00C04F79EFBC}") = "Planum.Ui", "Planum.Ui\Planum.Ui.csproj", "{A97AE85A-B5D2-49CC-882C-67FF92575433}"
EndProject
Project("{FAE04EC0-301F-11D3-BF4B-00C04F79EFBC}") = "Common.Tests", "Common.Tests\Common.Tests.csproj", "{2FD3C0E9-F6F4-4F46-9A48-4CC6E7E29DF5}"
EndProject
Global
	GlobalSection(SolutionConfigurationPlatforms) = preSolution
		Debug|Any CPU = Debug|Any CPU
		Release|Any CPU = Release|Any CPU
	EndGlobalSection
	GlobalSection(ProjectConfigurationPlatforms) = postSolution
		{A48FE190-395A-4C59-B41D-0762407AFC98}.Debug|Any CPU.ActiveCfg = Debug|Any CPU
		{A48FE190-395A-4C59-B41D-0762407AFC98}.Debug|Any CPU.Build.0 = Debug|Any CPU
		{A48FE190-395A-4C59-B41D-0762407AFC98}.Release|Any CPU.ActiveCfg = Release|Any CPU
		{A48FE190-395A-4C59-B41D-0762407AFC98}.Release|Any CPU.Build.0 = Release|Any CPU
		{A630F20B-4A49-4F61-AC89-163AAE75CC90}.Debug|Any CPU.ActiveCfg = Debug|Any CPU
		{A630F20B-4A49-4F61-AC89-163AAE75CC90}.Debug|Any CPU.Build.0 = Debug|Any CPU
		{A630F20B-4A49-4F61-AC89-163AAE75CC90}.Release|Any CPU.ActiveCfg = Release|Any CPU
		{A630F20B-4A49-4F61-AC89-163AAE75CC90}.Release|Any CPU.Build.0 = Release|Any CPU
		{8CB4B4A2-3304-454F-BA0F-F58F0C132865}.Debug|Any CPU.ActiveCfg = Debug|Any CPU
		{8CB4B4A2-3304-454F-BA0F-F58F0C132865}.Debug|Any CPU.Build.0 = Debug|Any CPU
		{8CB4B4A2-3304-454F-BA0F-F58F0C132865}.Release|Any CPU.ActiveCfg = Release|Any CPU
		{8CB4B4A2-3304-454F-BA0F-F58F0C132865}.Release|Any CPU.Build.0 = Release|Any CPU
		{59D62AD5-C4DD-473B-BDCE-5C90720F492B}.Debug|Any CPU.ActiveCfg = Debug|Any CPU
		{59D62AD5-C4DD-473B-BDCE-5C90720F492B}.Debug|Any CPU.Build.0 = Debug|Any CPU
		{59D62AD5-C4DD-473B-BDCE-5C90720F492B}.Release|Any CPU.ActiveCfg = Release|Any CPU
		{59D62AD5-C4DD-473B-BDCE-5C90720F492B}.Release|Any CPU.Build.0 = Release|Any CPU
		{B0EDD73E-D22A-418F-B517-4A558389C903}.Debug|Any CPU.ActiveCfg = Debug|Any CPU
		{B0EDD73E-D22A-418F-B517-4A558389C903}.Debug|Any CPU.Build.0 = Debug|Any CPU
		{B0EDD73E-D22A-418F-B517-4A558389C903}.Release|Any CPU.ActiveCfg = Release|Any CPU
		{B0EDD73E-D22A-418F-B517-4A558389C903}.Release|Any CPU.Build.0 = Release|Any CPU
		{74FAC2E4-75C3-4D03-831D-78C15B8EA5A4}.Debug|Any CPU.ActiveCfg = Debug|Any CPU
		{74FAC2E4-75C3-4D03-831D-78C15B8EA5A4}.Debug|Any CPU.Build.0 = Debug|Any CPU
		{74FAC2E4-75C3-4D03-831D-78C15B8EA5A4}.Release|Any CPU.ActiveCfg = Release|Any CPU
		{74FAC2E4-75C3-4D03-831D-78C15B8EA5A4}.Release|Any CPU.Build.0 = Release|Any CPU
		{AC139647-D160-4E14-A214-D0B86276AE00}.Debug|Any CPU.ActiveCfg = Debug|Any CPU
		{AC139647-D160-4E14-A214-D0B86276AE00}.Debug|Any CPU.Build.0 = Debug|Any CPU
		{AC139647-D160-4E14-A214-D0B86276AE00}.Release|Any CPU.ActiveCfg = Release|Any CPU
		{AC139647-D160-4E14-A214-D0B86276AE00}.Release|Any CPU.Build.0 = Release|Any CPU
		{9F6AD2BD-C415-463E-932B-F653A26313C8}.Debug|Any CPU.ActiveCfg = Debug|Any CPU
		{9F6AD2BD-C415-463E-932B-F653A26313C8}.Debug|Any CPU.Build.0 = Debug|Any CPU
		{9F6AD2BD-C415-463E-932B-F653A26313C8}.Release|Any CPU.ActiveCfg = Release|Any CPU
		{9F6AD2BD-C415-463E-932B-F653A26313C8}.Release|Any CPU.Build.0 = Release|Any CPU
		{3191920E-B8A8-4D32-9757-76C84326284B}.Debug|Any CPU.ActiveCfg = Debug|Any CPU
		{3191920E-B8A8-4D32-9757-76C84326284B}.Debug|Any CPU.Build.0 = Debug|Any CPU
		{3191920E-B8A8-4D32-9757-76C84326284B}.Release|Any CPU.ActiveCfg = Release|Any CPU
		{3191920E-B8A8-4D32-9757-76C84326284B}.Release|Any CPU.Build.0 = Release|Any CPU
		{07B626C8-18B9-453E-A17F-69E8708AF5B0}.Debug|Any CPU.ActiveCfg = Debug|Any CPU
		{07B626C8-18B9-453E-A17F-69E8708AF5B0}.Debug|Any CPU.Build.0 = Debug|Any CPU
		{07B626C8-18B9-453E-A17F-69E8708AF5B0}.Release|Any CPU.ActiveCfg = Release|Any CPU
		{07B626C8-18B9-453E-A17F-69E8708AF5B0}.Release|Any CPU.Build.0 = Release|Any CPU
		{A97AE85A-B5D2-49CC-882C-67FF92575433}.Debug|Any CPU.ActiveCfg = Debug|Any CPU
		{A97AE85A-B5D2-49CC-882C-67FF92575433}.Debug|Any CPU.Build.0 = Debug|Any CPU
		{A97AE85A-B5D2-49CC-882C-67FF92575433}.Release|Any CPU.ActiveCfg = Release|Any CPU
		{A97AE85A-B5D2-49CC-882C-67FF92575433}.Release|Any CPU.Build.0 = Release|Any CPU
		{2FD3C0E9-F6F4-4F46-9A48-4CC6E7E29DF5}.Debug|Any CPU.ActiveCfg = Debug|Any CPU
		{2FD3C0E9-F6F4-4F46-9A48-4CC6E7E29DF5}.Debug|Any CPU.Build.0 = Debug|Any CPU
		{2FD3C0E9-F6F4-4F46-9A48-4CC6E7E29DF5}.Release|Any CPU.ActiveCfg = Release|Any CPU
		{2FD3C0E9-F6F4-4F46-9A48-4CC6E7E29DF5}.Release|Any CPU.Build.0 = Release|Any CPU
	EndGlobalSection
	GlobalSection(NestedProjects) = preSolution
		{B0EDD73E-D22A-418F-B517-4A558389C903} = {60CB87D7-E05A-4FF6-B428-1D67850D5B57}
		{A48FE190-395A-4C59-B41D-0762407AFC98} = {8A886408-BE14-45E4-88E0-B37DF5747B33}
		{59D62AD5-C4DD-473B-BDCE-5C90720F492B} = {8A886408-BE14-45E4-88E0-B37DF5747B33}
		{A630F20B-4A49-4F61-AC89-163AAE75CC90} = {8A886408-BE14-45E4-88E0-B37DF5747B33}
		{8CB4B4A2-3304-454F-BA0F-F58F0C132865} = {87CFD5E6-61B8-4551-B384-3B1491F7385F}
		{AC139647-D160-4E14-A214-D0B86276AE00} = {60CB87D7-E05A-4FF6-B428-1D67850D5B57}
		{9F6AD2BD-C415-463E-932B-F653A26313C8} = {E0A611F2-105B-40CF-9FB3-8D36449451D1}
		{74FAC2E4-75C3-4D03-831D-78C15B8EA5A4} = {E0A611F2-105B-40CF-9FB3-8D36449451D1}
		{3191920E-B8A8-4D32-9757-76C84326284B} = {A5F6377E-29C7-424C-BE2F-0B8AEA2CE6FE}
		{07B626C8-18B9-453E-A17F-69E8708AF5B0} = {60CB87D7-E05A-4FF6-B428-1D67850D5B57}
		{2FD3C0E9-F6F4-4F46-9A48-4CC6E7E29DF5} = {60CB87D7-E05A-4FF6-B428-1D67850D5B57}
	EndGlobalSection
EndGlobal
